
Microsoft Visual Studio Solution File, Format Version 12.00
# Visual Studio 14
VisualStudioVersion = 14.0.24720.0
MinimumVisualStudioVersion = 10.0.40219.1
Project("{FAE04EC0-301F-11D3-BF4B-00C04F79EFBC}") = "MEACruncher", "MEACruncher\MEACruncher.csproj", "{6CF3287A-9453-48A6-B6C9-30180813DED2}"
	ProjectSection(ProjectDependencies) = postProject
		{B6AF7CEC-F339-4E94-9260-B764DD5D6FA8} = {B6AF7CEC-F339-4E94-9260-B764DD5D6FA8}
	EndProjectSection
EndProject
Project("{FAE04EC0-301F-11D3-BF4B-00C04F79EFBC}") = "MeaData", "MeaData\MeaData.csproj", "{B6AF7CEC-F339-4E94-9260-B764DD5D6FA8}"
EndProject
Project("{FAE04EC0-301F-11D3-BF4B-00C04F79EFBC}") = "MeaDataTest", "MeaDataTest\MeaDataTest.csproj", "{DAA49B8A-04A9-4E49-BA9E-199967994A36}"
EndProject
Project("{6141683F-8A12-4E36-9623-2EB02B2C2303}") = "Danstaller", "Danstaller\Danstaller.isproj", "{DC366FDF-24DA-4D77-A574-CF50CF02DDF6}"
	ProjectSection(ProjectDependencies) = postProject
		{6CF3287A-9453-48A6-B6C9-30180813DED2} = {6CF3287A-9453-48A6-B6C9-30180813DED2}
	EndProjectSection
EndProject
Project("{FAE04EC0-301F-11D3-BF4B-00C04F79EFBC}") = "Util", "Util\Util.csproj", "{63DCAA52-1BCF-4036-9C93-71CEE4B2D234}"
	ProjectSection(ProjectDependencies) = postProject
		{B6AF7CEC-F339-4E94-9260-B764DD5D6FA8} = {B6AF7CEC-F339-4E94-9260-B764DD5D6FA8}
	EndProjectSection
EndProject
Global
	GlobalSection(SolutionConfigurationPlatforms) = preSolution
		CD_ROM|Any CPU = CD_ROM|Any CPU
		CD_ROM|x64 = CD_ROM|x64
		CD_ROM|x86 = CD_ROM|x86
		DebugNoTest|Any CPU = DebugNoTest|Any CPU
		DebugNoTest|x64 = DebugNoTest|x64
		DebugNoTest|x86 = DebugNoTest|x86
		DebugTest|Any CPU = DebugTest|Any CPU
		DebugTest|x64 = DebugTest|x64
		DebugTest|x86 = DebugTest|x86
		DVD-5|Any CPU = DVD-5|Any CPU
		DVD-5|x64 = DVD-5|x64
		DVD-5|x86 = DVD-5|x86
		Release|Any CPU = Release|Any CPU
		Release|x64 = Release|x64
		Release|x86 = Release|x86
		SingleImage|Any CPU = SingleImage|Any CPU
		SingleImage|x64 = SingleImage|x64
		SingleImage|x86 = SingleImage|x86
	EndGlobalSection
	GlobalSection(ProjectConfigurationPlatforms) = postSolution
		{6CF3287A-9453-48A6-B6C9-30180813DED2}.CD_ROM|Any CPU.ActiveCfg = Release|Any CPU
		{6CF3287A-9453-48A6-B6C9-30180813DED2}.CD_ROM|x64.ActiveCfg = Release|Any CPU
		{6CF3287A-9453-48A6-B6C9-30180813DED2}.CD_ROM|x64.Deploy.0 = Release|Any CPU
		{6CF3287A-9453-48A6-B6C9-30180813DED2}.CD_ROM|x86.ActiveCfg = Release|Any CPU
		{6CF3287A-9453-48A6-B6C9-30180813DED2}.DebugNoTest|Any CPU.ActiveCfg = Debug|Any CPU
		{6CF3287A-9453-48A6-B6C9-30180813DED2}.DebugNoTest|Any CPU.Build.0 = Debug|Any CPU
		{6CF3287A-9453-48A6-B6C9-30180813DED2}.DebugNoTest|x64.ActiveCfg = Debug|x64
		{6CF3287A-9453-48A6-B6C9-30180813DED2}.DebugNoTest|x64.Build.0 = Debug|x64
		{6CF3287A-9453-48A6-B6C9-30180813DED2}.DebugNoTest|x86.ActiveCfg = Debug|x86
		{6CF3287A-9453-48A6-B6C9-30180813DED2}.DebugNoTest|x86.Build.0 = Debug|x86
		{6CF3287A-9453-48A6-B6C9-30180813DED2}.DebugTest|Any CPU.ActiveCfg = Debug|Any CPU
		{6CF3287A-9453-48A6-B6C9-30180813DED2}.DebugTest|x64.ActiveCfg = Debug|Any CPU
		{6CF3287A-9453-48A6-B6C9-30180813DED2}.DebugTest|x86.ActiveCfg = Debug|Any CPU
		{6CF3287A-9453-48A6-B6C9-30180813DED2}.DVD-5|Any CPU.ActiveCfg = Release|Any CPU
		{6CF3287A-9453-48A6-B6C9-30180813DED2}.DVD-5|x64.ActiveCfg = Release|Any CPU
		{6CF3287A-9453-48A6-B6C9-30180813DED2}.DVD-5|x86.ActiveCfg = Release|Any CPU
		{6CF3287A-9453-48A6-B6C9-30180813DED2}.Release|Any CPU.ActiveCfg = Release|Any CPU
		{6CF3287A-9453-48A6-B6C9-30180813DED2}.Release|Any CPU.Build.0 = Release|Any CPU
		{6CF3287A-9453-48A6-B6C9-30180813DED2}.Release|x64.ActiveCfg = Release|x64
		{6CF3287A-9453-48A6-B6C9-30180813DED2}.Release|x64.Build.0 = Release|x64
		{6CF3287A-9453-48A6-B6C9-30180813DED2}.Release|x86.ActiveCfg = Release|x86
		{6CF3287A-9453-48A6-B6C9-30180813DED2}.Release|x86.Build.0 = Release|x86
		{6CF3287A-9453-48A6-B6C9-30180813DED2}.SingleImage|Any CPU.ActiveCfg = Release|Any CPU
		{6CF3287A-9453-48A6-B6C9-30180813DED2}.SingleImage|x64.ActiveCfg = Release|Any CPU
		{6CF3287A-9453-48A6-B6C9-30180813DED2}.SingleImage|x86.ActiveCfg = Release|Any CPU
		{B6AF7CEC-F339-4E94-9260-B764DD5D6FA8}.CD_ROM|Any CPU.ActiveCfg = Release|Any CPU
		{B6AF7CEC-F339-4E94-9260-B764DD5D6FA8}.CD_ROM|x64.ActiveCfg = Release|Any CPU
		{B6AF7CEC-F339-4E94-9260-B764DD5D6FA8}.CD_ROM|x86.ActiveCfg = Release|Any CPU
		{B6AF7CEC-F339-4E94-9260-B764DD5D6FA8}.DebugNoTest|Any CPU.ActiveCfg = Debug|Any CPU
		{B6AF7CEC-F339-4E94-9260-B764DD5D6FA8}.DebugNoTest|Any CPU.Build.0 = Debug|Any CPU
		{B6AF7CEC-F339-4E94-9260-B764DD5D6FA8}.DebugNoTest|x64.ActiveCfg = Debug|Any CPU
		{B6AF7CEC-F339-4E94-9260-B764DD5D6FA8}.DebugNoTest|x64.Build.0 = Debug|Any CPU
		{B6AF7CEC-F339-4E94-9260-B764DD5D6FA8}.DebugNoTest|x86.ActiveCfg = Debug|Any CPU
		{B6AF7CEC-F339-4E94-9260-B764DD5D6FA8}.DebugNoTest|x86.Build.0 = Debug|Any CPU
		{B6AF7CEC-F339-4E94-9260-B764DD5D6FA8}.DebugTest|Any CPU.ActiveCfg = Debug|Any CPU
		{B6AF7CEC-F339-4E94-9260-B764DD5D6FA8}.DebugTest|Any CPU.Build.0 = Debug|Any CPU
		{B6AF7CEC-F339-4E94-9260-B764DD5D6FA8}.DebugTest|x64.ActiveCfg = Debug|Any CPU
		{B6AF7CEC-F339-4E94-9260-B764DD5D6FA8}.DebugTest|x64.Build.0 = Debug|Any CPU
		{B6AF7CEC-F339-4E94-9260-B764DD5D6FA8}.DebugTest|x86.ActiveCfg = Debug|Any CPU
		{B6AF7CEC-F339-4E94-9260-B764DD5D6FA8}.DebugTest|x86.Build.0 = Debug|Any CPU
		{B6AF7CEC-F339-4E94-9260-B764DD5D6FA8}.DVD-5|Any CPU.ActiveCfg = Release|Any CPU
		{B6AF7CEC-F339-4E94-9260-B764DD5D6FA8}.DVD-5|x64.ActiveCfg = Release|Any CPU
		{B6AF7CEC-F339-4E94-9260-B764DD5D6FA8}.DVD-5|x86.ActiveCfg = Release|Any CPU
		{B6AF7CEC-F339-4E94-9260-B764DD5D6FA8}.Release|Any CPU.ActiveCfg = Release|Any CPU
		{B6AF7CEC-F339-4E94-9260-B764DD5D6FA8}.Release|Any CPU.Build.0 = Release|Any CPU
		{B6AF7CEC-F339-4E94-9260-B764DD5D6FA8}.Release|x64.ActiveCfg = Release|Any CPU
		{B6AF7CEC-F339-4E94-9260-B764DD5D6FA8}.Release|x64.Build.0 = Release|Any CPU
		{B6AF7CEC-F339-4E94-9260-B764DD5D6FA8}.Release|x86.ActiveCfg = Release|Any CPU
		{B6AF7CEC-F339-4E94-9260-B764DD5D6FA8}.Release|x86.Build.0 = Release|Any CPU
		{B6AF7CEC-F339-4E94-9260-B764DD5D6FA8}.SingleImage|Any CPU.ActiveCfg = Release|Any CPU
		{B6AF7CEC-F339-4E94-9260-B764DD5D6FA8}.SingleImage|x64.ActiveCfg = Release|Any CPU
		{B6AF7CEC-F339-4E94-9260-B764DD5D6FA8}.SingleImage|x86.ActiveCfg = Release|Any CPU
		{DAA49B8A-04A9-4E49-BA9E-199967994A36}.CD_ROM|Any CPU.ActiveCfg = Release|Any CPU
		{DAA49B8A-04A9-4E49-BA9E-199967994A36}.CD_ROM|x64.ActiveCfg = Release|Any CPU
		{DAA49B8A-04A9-4E49-BA9E-199967994A36}.CD_ROM|x86.ActiveCfg = Release|Any CPU
		{DAA49B8A-04A9-4E49-BA9E-199967994A36}.DebugNoTest|Any CPU.ActiveCfg = Debug|Any CPU
		{DAA49B8A-04A9-4E49-BA9E-199967994A36}.DebugNoTest|x64.ActiveCfg = Debug|Any CPU
		{DAA49B8A-04A9-4E49-BA9E-199967994A36}.DebugNoTest|x86.ActiveCfg = Debug|Any CPU
		{DAA49B8A-04A9-4E49-BA9E-199967994A36}.DebugTest|Any CPU.ActiveCfg = Debug|Any CPU
		{DAA49B8A-04A9-4E49-BA9E-199967994A36}.DebugTest|Any CPU.Build.0 = Debug|Any CPU
		{DAA49B8A-04A9-4E49-BA9E-199967994A36}.DebugTest|x64.ActiveCfg = Debug|x64
		{DAA49B8A-04A9-4E49-BA9E-199967994A36}.DebugTest|x64.Build.0 = Debug|x64
		{DAA49B8A-04A9-4E49-BA9E-199967994A36}.DebugTest|x86.ActiveCfg = Debug|x86
		{DAA49B8A-04A9-4E49-BA9E-199967994A36}.DebugTest|x86.Build.0 = Debug|x86
		{DAA49B8A-04A9-4E49-BA9E-199967994A36}.DVD-5|Any CPU.ActiveCfg = Release|Any CPU
		{DAA49B8A-04A9-4E49-BA9E-199967994A36}.DVD-5|x64.ActiveCfg = Release|Any CPU
		{DAA49B8A-04A9-4E49-BA9E-199967994A36}.DVD-5|x86.ActiveCfg = Release|Any CPU
		{DAA49B8A-04A9-4E49-BA9E-199967994A36}.Release|Any CPU.ActiveCfg = Release|Any CPU
		{DAA49B8A-04A9-4E49-BA9E-199967994A36}.Release|x64.ActiveCfg = Release|Any CPU
		{DAA49B8A-04A9-4E49-BA9E-199967994A36}.Release|x86.ActiveCfg = Release|Any CPU
		{DAA49B8A-04A9-4E49-BA9E-199967994A36}.SingleImage|Any CPU.ActiveCfg = Release|Any CPU
		{DAA49B8A-04A9-4E49-BA9E-199967994A36}.SingleImage|x64.ActiveCfg = Release|Any CPU
		{DAA49B8A-04A9-4E49-BA9E-199967994A36}.SingleImage|x86.ActiveCfg = Release|Any CPU
		{DC366FDF-24DA-4D77-A574-CF50CF02DDF6}.CD_ROM|Any CPU.ActiveCfg = CD_ROM
		{DC366FDF-24DA-4D77-A574-CF50CF02DDF6}.CD_ROM|Any CPU.Build.0 = CD_ROM
		{DC366FDF-24DA-4D77-A574-CF50CF02DDF6}.CD_ROM|x64.ActiveCfg = CD_ROM
		{DC366FDF-24DA-4D77-A574-CF50CF02DDF6}.CD_ROM|x64.Build.0 = CD_ROM
		{DC366FDF-24DA-4D77-A574-CF50CF02DDF6}.CD_ROM|x86.ActiveCfg = CD_ROM
		{DC366FDF-24DA-4D77-A574-CF50CF02DDF6}.CD_ROM|x86.Build.0 = CD_ROM
		{DC366FDF-24DA-4D77-A574-CF50CF02DDF6}.DebugNoTest|Any CPU.ActiveCfg = SingleImage
		{DC366FDF-24DA-4D77-A574-CF50CF02DDF6}.DebugNoTest|x64.ActiveCfg = SingleImage
		{DC366FDF-24DA-4D77-A574-CF50CF02DDF6}.DebugNoTest|x86.ActiveCfg = SingleImage
		{DC366FDF-24DA-4D77-A574-CF50CF02DDF6}.DebugTest|Any CPU.ActiveCfg = SingleImage
		{DC366FDF-24DA-4D77-A574-CF50CF02DDF6}.DebugTest|x64.ActiveCfg = SingleImage
		{DC366FDF-24DA-4D77-A574-CF50CF02DDF6}.DebugTest|x86.ActiveCfg = SingleImage
		{DC366FDF-24DA-4D77-A574-CF50CF02DDF6}.DVD-5|Any CPU.ActiveCfg = DVD-5
		{DC366FDF-24DA-4D77-A574-CF50CF02DDF6}.DVD-5|Any CPU.Build.0 = DVD-5
		{DC366FDF-24DA-4D77-A574-CF50CF02DDF6}.DVD-5|x64.ActiveCfg = DVD-5
		{DC366FDF-24DA-4D77-A574-CF50CF02DDF6}.DVD-5|x64.Build.0 = DVD-5
		{DC366FDF-24DA-4D77-A574-CF50CF02DDF6}.DVD-5|x86.ActiveCfg = DVD-5
		{DC366FDF-24DA-4D77-A574-CF50CF02DDF6}.DVD-5|x86.Build.0 = DVD-5
		{DC366FDF-24DA-4D77-A574-CF50CF02DDF6}.Release|Any CPU.ActiveCfg = SingleImage
		{DC366FDF-24DA-4D77-A574-CF50CF02DDF6}.Release|x64.ActiveCfg = SingleImage
		{DC366FDF-24DA-4D77-A574-CF50CF02DDF6}.Release|x86.ActiveCfg = SingleImage
		{DC366FDF-24DA-4D77-A574-CF50CF02DDF6}.SingleImage|Any CPU.ActiveCfg = SingleImage
		{DC366FDF-24DA-4D77-A574-CF50CF02DDF6}.SingleImage|Any CPU.Build.0 = SingleImage
		{DC366FDF-24DA-4D77-A574-CF50CF02DDF6}.SingleImage|x64.ActiveCfg = SingleImage
		{DC366FDF-24DA-4D77-A574-CF50CF02DDF6}.SingleImage|x64.Build.0 = SingleImage
		{DC366FDF-24DA-4D77-A574-CF50CF02DDF6}.SingleImage|x86.ActiveCfg = SingleImage
		{DC366FDF-24DA-4D77-A574-CF50CF02DDF6}.SingleImage|x86.Build.0 = SingleImage
		{63DCAA52-1BCF-4036-9C93-71CEE4B2D234}.CD_ROM|Any CPU.ActiveCfg = Release|Any CPU
		{63DCAA52-1BCF-4036-9C93-71CEE4B2D234}.CD_ROM|x64.ActiveCfg = Release|Any CPU
		{63DCAA52-1BCF-4036-9C93-71CEE4B2D234}.CD_ROM|x86.ActiveCfg = Release|Any CPU
		{63DCAA52-1BCF-4036-9C93-71CEE4B2D234}.DebugNoTest|Any CPU.ActiveCfg = Debug|Any CPU
		{63DCAA52-1BCF-4036-9C93-71CEE4B2D234}.DebugNoTest|Any CPU.Build.0 = Debug|Any CPU
		{63DCAA52-1BCF-4036-9C93-71CEE4B2D234}.DebugNoTest|x64.ActiveCfg = Debug|Any CPU
		{63DCAA52-1BCF-4036-9C93-71CEE4B2D234}.DebugNoTest|x64.Build.0 = Debug|Any CPU
		{63DCAA52-1BCF-4036-9C93-71CEE4B2D234}.DebugNoTest|x86.ActiveCfg = Debug|Any CPU
		{63DCAA52-1BCF-4036-9C93-71CEE4B2D234}.DebugNoTest|x86.Build.0 = Debug|Any CPU
		{63DCAA52-1BCF-4036-9C93-71CEE4B2D234}.DebugTest|Any CPU.ActiveCfg = Debug|Any CPU
		{63DCAA52-1BCF-4036-9C93-71CEE4B2D234}.DebugTest|Any CPU.Build.0 = Debug|Any CPU
		{63DCAA52-1BCF-4036-9C93-71CEE4B2D234}.DebugTest|x64.ActiveCfg = Debug|Any CPU
		{63DCAA52-1BCF-4036-9C93-71CEE4B2D234}.DebugTest|x64.Build.0 = Debug|Any CPU
		{63DCAA52-1BCF-4036-9C93-71CEE4B2D234}.DebugTest|x86.ActiveCfg = Debug|Any CPU
		{63DCAA52-1BCF-4036-9C93-71CEE4B2D234}.DebugTest|x86.Build.0 = Debug|Any CPU
		{63DCAA52-1BCF-4036-9C93-71CEE4B2D234}.DVD-5|Any CPU.ActiveCfg = Release|Any CPU
		{63DCAA52-1BCF-4036-9C93-71CEE4B2D234}.DVD-5|x64.ActiveCfg = Release|Any CPU
		{63DCAA52-1BCF-4036-9C93-71CEE4B2D234}.DVD-5|x86.ActiveCfg = Release|Any CPU
		{63DCAA52-1BCF-4036-9C93-71CEE4B2D234}.Release|Any CPU.ActiveCfg = Release|Any CPU
		{63DCAA52-1BCF-4036-9C93-71CEE4B2D234}.Release|Any CPU.Build.0 = Release|Any CPU
		{63DCAA52-1BCF-4036-9C93-71CEE4B2D234}.Release|x64.ActiveCfg = Release|Any CPU
		{63DCAA52-1BCF-4036-9C93-71CEE4B2D234}.Release|x64.Build.0 = Release|Any CPU
		{63DCAA52-1BCF-4036-9C93-71CEE4B2D234}.Release|x86.ActiveCfg = Release|Any CPU
		{63DCAA52-1BCF-4036-9C93-71CEE4B2D234}.Release|x86.Build.0 = Release|Any CPU
		{63DCAA52-1BCF-4036-9C93-71CEE4B2D234}.SingleImage|Any CPU.ActiveCfg = Release|Any CPU
		{63DCAA52-1BCF-4036-9C93-71CEE4B2D234}.SingleImage|x64.ActiveCfg = Release|Any CPU
		{63DCAA52-1BCF-4036-9C93-71CEE4B2D234}.SingleImage|x86.ActiveCfg = Release|Any CPU
	EndGlobalSection
	GlobalSection(SolutionProperties) = preSolution
		HideSolutionNode = FALSE
	EndGlobalSection
EndGlobal
