
Microsoft Visual Studio Solution File, Format Version 12.00
# Visual Studio 2013
VisualStudioVersion = 12.0.31101.0
MinimumVisualStudioVersion = 10.0.40219.1
Project("{FAE04EC0-301F-11D3-BF4B-00C04F79EFBC}") = "MEACruncher", "MEACruncher\MEACruncher.csproj", "{6CF3287A-9453-48A6-B6C9-30180813DED2}"
EndProject
Project("{FAE04EC0-301F-11D3-BF4B-00C04F79EFBC}") = "MeaData", "NeuroData\MeaData.csproj", "{B6AF7CEC-F339-4E94-9260-B764DD5D6FA8}"
EndProject
Global
	GlobalSection(SolutionConfigurationPlatforms) = preSolution
		Debug|Any CPU = Debug|Any CPU
		Release|Any CPU = Release|Any CPU
	EndGlobalSection
	GlobalSection(ProjectConfigurationPlatforms) = postSolution
		{6CF3287A-9453-48A6-B6C9-30180813DED2}.Debug|Any CPU.ActiveCfg = Debug|Any CPU
		{6CF3287A-9453-48A6-B6C9-30180813DED2}.Debug|Any CPU.Build.0 = Debug|Any CPU
		{6CF3287A-9453-48A6-B6C9-30180813DED2}.Release|Any CPU.ActiveCfg = Release|Any CPU
		{6CF3287A-9453-48A6-B6C9-30180813DED2}.Release|Any CPU.Build.0 = Release|Any CPU
		{B6AF7CEC-F339-4E94-9260-B764DD5D6FA8}.Debug|Any CPU.ActiveCfg = Debug|Any CPU
		{B6AF7CEC-F339-4E94-9260-B764DD5D6FA8}.Debug|Any CPU.Build.0 = Debug|Any CPU
		{B6AF7CEC-F339-4E94-9260-B764DD5D6FA8}.Release|Any CPU.ActiveCfg = Release|Any CPU
		{B6AF7CEC-F339-4E94-9260-B764DD5D6FA8}.Release|Any CPU.Build.0 = Release|Any CPU
	EndGlobalSection
	GlobalSection(SolutionProperties) = preSolution
		HideSolutionNode = FALSE
	EndGlobalSection
EndGlobal
